
Microsoft Visual Studio Solution File, Format Version 12.00
# Visual Studio Version 16
VisualStudioVersion = 16.0.33027.164
MinimumVisualStudioVersion = 10.0.40219.1
Project("{FAE04EC0-301F-11D3-BF4B-00C04F79EFBC}") = "ReporteRangoFechas22", "ReporteRangoFechas22.csproj", "{6C8EF5A4-86FF-4C4C-96BF-2A7E21D2B208}"
EndProject
Project("{FAE04EC0-301F-11D3-BF4B-00C04F79EFBC}") = "DataAccess", "DataAccess\DataAccess.csproj", "{C668D2EF-6698-49D4-B33D-3D1F48D61E71}"
EndProject
Project("{FAE04EC0-301F-11D3-BF4B-00C04F79EFBC}") = "Domain", "Domain\Domain.csproj", "{58AADCE3-5690-4E37-B393-C8E80FDFAEC7}"
EndProject
Global
	GlobalSection(SolutionConfigurationPlatforms) = preSolution
		Debug|Any CPU = Debug|Any CPU
		Release|Any CPU = Release|Any CPU
	EndGlobalSection
	GlobalSection(ProjectConfigurationPlatforms) = postSolution
		{6C8EF5A4-86FF-4C4C-96BF-2A7E21D2B208}.Debug|Any CPU.ActiveCfg = Debug|Any CPU
		{6C8EF5A4-86FF-4C4C-96BF-2A7E21D2B208}.Debug|Any CPU.Build.0 = Debug|Any CPU
		{6C8EF5A4-86FF-4C4C-96BF-2A7E21D2B208}.Release|Any CPU.ActiveCfg = Release|Any CPU
		{6C8EF5A4-86FF-4C4C-96BF-2A7E21D2B208}.Release|Any CPU.Build.0 = Release|Any CPU
		{C668D2EF-6698-49D4-B33D-3D1F48D61E71}.Debug|Any CPU.ActiveCfg = Debug|Any CPU
		{C668D2EF-6698-49D4-B33D-3D1F48D61E71}.Debug|Any CPU.Build.0 = Debug|Any CPU
		{C668D2EF-6698-49D4-B33D-3D1F48D61E71}.Release|Any CPU.ActiveCfg = Release|Any CPU
		{C668D2EF-6698-49D4-B33D-3D1F48D61E71}.Release|Any CPU.Build.0 = Release|Any CPU
		{58AADCE3-5690-4E37-B393-C8E80FDFAEC7}.Debug|Any CPU.ActiveCfg = Debug|Any CPU
		{58AADCE3-5690-4E37-B393-C8E80FDFAEC7}.Debug|Any CPU.Build.0 = Debug|Any CPU
		{58AADCE3-5690-4E37-B393-C8E80FDFAEC7}.Release|Any CPU.ActiveCfg = Release|Any CPU
		{58AADCE3-5690-4E37-B393-C8E80FDFAEC7}.Release|Any CPU.Build.0 = Release|Any CPU
	EndGlobalSection
	GlobalSection(SolutionProperties) = preSolution
		HideSolutionNode = FALSE
	EndGlobalSection
	GlobalSection(ExtensibilityGlobals) = postSolution
		SolutionGuid = {09CD59B6-BC99-49C5-8332-E4F975FD37B1}
	EndGlobalSection
EndGlobal
